
Microsoft Visual Studio Solution File, Format Version 12.00
# Visual Studio Version 16
VisualStudioVersion = 16.0.29905.134
MinimumVisualStudioVersion = 10.0.40219.1
Project("{FAE04EC0-301F-11D3-BF4B-00C04F79EFBC}") = "FolhaDePagamento", "FolhaDePagamento\FolhaDePagamento.csproj", "{BCACC2CB-55AB-48B5-9432-5B94645C9923}"
EndProject
Global
	GlobalSection(SolutionConfigurationPlatforms) = preSolution
		Debug|Any CPU = Debug|Any CPU
		Release|Any CPU = Release|Any CPU
	EndGlobalSection
	GlobalSection(ProjectConfigurationPlatforms) = postSolution
		{BCACC2CB-55AB-48B5-9432-5B94645C9923}.Debug|Any CPU.ActiveCfg = Debug|Any CPU
		{BCACC2CB-55AB-48B5-9432-5B94645C9923}.Debug|Any CPU.Build.0 = Debug|Any CPU
		{BCACC2CB-55AB-48B5-9432-5B94645C9923}.Release|Any CPU.ActiveCfg = Release|Any CPU
		{BCACC2CB-55AB-48B5-9432-5B94645C9923}.Release|Any CPU.Build.0 = Release|Any CPU
	EndGlobalSection
	GlobalSection(SolutionProperties) = preSolution
		HideSolutionNode = FALSE
	EndGlobalSection
	GlobalSection(ExtensibilityGlobals) = postSolution
		SolutionGuid = {19123ECE-573B-468A-8574-D6768B8D0412}
	EndGlobalSection
EndGlobal
